{
  "lib/chainlink": {
    "tag": {
      "name": "v2.46.0",
      "rev": "e275ecd410e4911dab753cd105c1d2046d8f84fc"
    }
  },
  "lib/chainlink-brownie-contracts": {
    "tag": {
      "name": "1.3.0",
      "rev": "5cb41fbc9b525338b6098da5ea7dd0b7e92f89e4"
    }
  },
  "lib/forge-std": {
    "rev": "1801b0541f4fda118a10798fd3486bb7051c5dd6"
  },
  "lib/openzeppelin-contracts": {
    "rev": "932fddf69a699a9a80fd2396fd1a2ab91cdda123"
  }
}